
Microsoft Visual Studio Solution File, Format Version 12.00
# Visual Studio Version 17
VisualStudioVersion = 17.1.32228.430
MinimumVisualStudioVersion = 10.0.40219.1
Project("{9A19103F-16F7-4668-BE54-9A1E7A4F7556}") = "MyEduProject", "MyEduProject\MyEduProject.csproj", "{32AE75F9-B6C2-4F4D-8DBC-59EAA00343F6}"
EndProject
Project("{9A19103F-16F7-4668-BE54-9A1E7A4F7556}") = "DAL", "DAL\DAL.csproj", "{9EADE00D-48CD-4927-8B1B-F9F7C1A38E40}"
EndProject
Project("{FAE04EC0-301F-11D3-BF4B-00C04F79EFBC}") = "Business", "Business\Business.csproj", "{7AFEB415-EFB5-4AB2-985E-16181CF7D223}"
EndProject
Project("{FAE04EC0-301F-11D3-BF4B-00C04F79EFBC}") = "Exceptions", "Exceptions\Exceptions.csproj", "{4424B543-8329-47CC-AEC7-F519E56D5196}"
EndProject
Global
	GlobalSection(SolutionConfigurationPlatforms) = preSolution
		Debug|Any CPU = Debug|Any CPU
		Release|Any CPU = Release|Any CPU
	EndGlobalSection
	GlobalSection(ProjectConfigurationPlatforms) = postSolution
		{32AE75F9-B6C2-4F4D-8DBC-59EAA00343F6}.Debug|Any CPU.ActiveCfg = Debug|Any CPU
		{32AE75F9-B6C2-4F4D-8DBC-59EAA00343F6}.Debug|Any CPU.Build.0 = Debug|Any CPU
		{32AE75F9-B6C2-4F4D-8DBC-59EAA00343F6}.Release|Any CPU.ActiveCfg = Release|Any CPU
		{32AE75F9-B6C2-4F4D-8DBC-59EAA00343F6}.Release|Any CPU.Build.0 = Release|Any CPU
		{9EADE00D-48CD-4927-8B1B-F9F7C1A38E40}.Debug|Any CPU.ActiveCfg = Debug|Any CPU
		{9EADE00D-48CD-4927-8B1B-F9F7C1A38E40}.Debug|Any CPU.Build.0 = Debug|Any CPU
		{9EADE00D-48CD-4927-8B1B-F9F7C1A38E40}.Release|Any CPU.ActiveCfg = Release|Any CPU
		{9EADE00D-48CD-4927-8B1B-F9F7C1A38E40}.Release|Any CPU.Build.0 = Release|Any CPU
		{7AFEB415-EFB5-4AB2-985E-16181CF7D223}.Debug|Any CPU.ActiveCfg = Debug|Any CPU
		{7AFEB415-EFB5-4AB2-985E-16181CF7D223}.Debug|Any CPU.Build.0 = Debug|Any CPU
		{7AFEB415-EFB5-4AB2-985E-16181CF7D223}.Release|Any CPU.ActiveCfg = Release|Any CPU
		{7AFEB415-EFB5-4AB2-985E-16181CF7D223}.Release|Any CPU.Build.0 = Release|Any CPU
		{4424B543-8329-47CC-AEC7-F519E56D5196}.Debug|Any CPU.ActiveCfg = Debug|Any CPU
		{4424B543-8329-47CC-AEC7-F519E56D5196}.Debug|Any CPU.Build.0 = Debug|Any CPU
		{4424B543-8329-47CC-AEC7-F519E56D5196}.Release|Any CPU.ActiveCfg = Release|Any CPU
		{4424B543-8329-47CC-AEC7-F519E56D5196}.Release|Any CPU.Build.0 = Release|Any CPU
	EndGlobalSection
	GlobalSection(SolutionProperties) = preSolution
		HideSolutionNode = FALSE
	EndGlobalSection
	GlobalSection(ExtensibilityGlobals) = postSolution
		SolutionGuid = {B0D69894-B101-4BDE-83E6-4150453B6CE8}
	EndGlobalSection
EndGlobal
